
Microsoft Visual Studio Solution File, Format Version 12.00
# Visual Studio 15
VisualStudioVersion = 15.0.28307.1259
MinimumVisualStudioVersion = 10.0.40219.1
Project("{FAE04EC0-301F-11D3-BF4B-00C04F79EFBC}") = "Kafka_Monitoring_Producer_Agent", "Kafka_Monitoring_Producer_Agent\Kafka_Monitoring_Producer_Agent.csproj", "{F7B45149-341E-420E-AEAC-CAF7AF779543}"
EndProject
Global
	GlobalSection(SolutionConfigurationPlatforms) = preSolution
		Debug|Any CPU = Debug|Any CPU
		Release|Any CPU = Release|Any CPU
	EndGlobalSection
	GlobalSection(ProjectConfigurationPlatforms) = postSolution
		{F7B45149-341E-420E-AEAC-CAF7AF779543}.Debug|Any CPU.ActiveCfg = Debug|Any CPU
		{F7B45149-341E-420E-AEAC-CAF7AF779543}.Debug|Any CPU.Build.0 = Debug|Any CPU
		{F7B45149-341E-420E-AEAC-CAF7AF779543}.Release|Any CPU.ActiveCfg = Release|Any CPU
		{F7B45149-341E-420E-AEAC-CAF7AF779543}.Release|Any CPU.Build.0 = Release|Any CPU
	EndGlobalSection
	GlobalSection(SolutionProperties) = preSolution
		HideSolutionNode = FALSE
	EndGlobalSection
	GlobalSection(ExtensibilityGlobals) = postSolution
		SolutionGuid = {9593BD45-601D-4161-94F4-A1AC316D0660}
	EndGlobalSection
EndGlobal
